
Microsoft Visual Studio Solution File, Format Version 12.00
# Visual Studio 15
VisualStudioVersion = 15.0.28307.421
MinimumVisualStudioVersion = 10.0.40219.1
Project("{FAE04EC0-301F-11D3-BF4B-00C04F79EFBC}") = "ServicesManager.BackEnd", "ServicesManager.BackEnd\ServicesManager.BackEnd.csproj", "{F7F5433C-789B-4B6E-85ED-07478B250150}"
EndProject
Global
	GlobalSection(SolutionConfigurationPlatforms) = preSolution
		Debug|Any CPU = Debug|Any CPU
		Release|Any CPU = Release|Any CPU
	EndGlobalSection
	GlobalSection(ProjectConfigurationPlatforms) = postSolution
		{F7F5433C-789B-4B6E-85ED-07478B250150}.Debug|Any CPU.ActiveCfg = Debug|Any CPU
		{F7F5433C-789B-4B6E-85ED-07478B250150}.Debug|Any CPU.Build.0 = Debug|Any CPU
		{F7F5433C-789B-4B6E-85ED-07478B250150}.Release|Any CPU.ActiveCfg = Release|Any CPU
		{F7F5433C-789B-4B6E-85ED-07478B250150}.Release|Any CPU.Build.0 = Release|Any CPU
	EndGlobalSection
	GlobalSection(SolutionProperties) = preSolution
		HideSolutionNode = FALSE
	EndGlobalSection
	GlobalSection(ExtensibilityGlobals) = postSolution
		SolutionGuid = {7D423E08-2C12-4248-9BD9-DFDD89196B16}
	EndGlobalSection
EndGlobal
